
Microsoft Visual Studio Solution File, Format Version 12.00
# Visual Studio Version 16
VisualStudioVersion = 16.0.31515.178
MinimumVisualStudioVersion = 10.0.40219.1
Project("{FAE04EC0-301F-11D3-BF4B-00C04F79EFBC}") = "ServerDataPhp_Reader", "ServerDataPhp_Reader\ServerDataPhp_Reader.csproj", "{02559E91-F2B2-4CE9-B1C3-416EEF961C8A}"
EndProject
Global
	GlobalSection(SolutionConfigurationPlatforms) = preSolution
		Debug|Any CPU = Debug|Any CPU
		Release|Any CPU = Release|Any CPU
	EndGlobalSection
	GlobalSection(ProjectConfigurationPlatforms) = postSolution
		{02559E91-F2B2-4CE9-B1C3-416EEF961C8A}.Debug|Any CPU.ActiveCfg = Debug|Any CPU
		{02559E91-F2B2-4CE9-B1C3-416EEF961C8A}.Debug|Any CPU.Build.0 = Debug|Any CPU
		{02559E91-F2B2-4CE9-B1C3-416EEF961C8A}.Release|Any CPU.ActiveCfg = Release|Any CPU
		{02559E91-F2B2-4CE9-B1C3-416EEF961C8A}.Release|Any CPU.Build.0 = Release|Any CPU
	EndGlobalSection
	GlobalSection(SolutionProperties) = preSolution
		HideSolutionNode = FALSE
	EndGlobalSection
	GlobalSection(ExtensibilityGlobals) = postSolution
		SolutionGuid = {8BB0BBCB-ACF8-4273-8FB3-AB737C1F7AD6}
	EndGlobalSection
EndGlobal
